
Microsoft Visual Studio Solution File, Format Version 12.00
# Visual Studio Version 16
VisualStudioVersion = 16.0.31005.135
MinimumVisualStudioVersion = 10.0.40219.1
Project("{FAE04EC0-301F-11D3-BF4B-00C04F79EFBC}") = "Extra Work Day4 - 1MAR", "Extra Work Day4 - 1MAR.csproj", "{9ED703FE-4D4E-4DFF-8A32-2D2A92850595}"
EndProject
Global
	GlobalSection(SolutionConfigurationPlatforms) = preSolution
		Debug|Any CPU = Debug|Any CPU
		Release|Any CPU = Release|Any CPU
	EndGlobalSection
	GlobalSection(ProjectConfigurationPlatforms) = postSolution
		{9ED703FE-4D4E-4DFF-8A32-2D2A92850595}.Debug|Any CPU.ActiveCfg = Debug|Any CPU
		{9ED703FE-4D4E-4DFF-8A32-2D2A92850595}.Debug|Any CPU.Build.0 = Debug|Any CPU
		{9ED703FE-4D4E-4DFF-8A32-2D2A92850595}.Release|Any CPU.ActiveCfg = Release|Any CPU
		{9ED703FE-4D4E-4DFF-8A32-2D2A92850595}.Release|Any CPU.Build.0 = Release|Any CPU
	EndGlobalSection
	GlobalSection(SolutionProperties) = preSolution
		HideSolutionNode = FALSE
	EndGlobalSection
	GlobalSection(ExtensibilityGlobals) = postSolution
		SolutionGuid = {80073F88-48ED-4946-877A-6800363240DA}
	EndGlobalSection
EndGlobal
